
Microsoft Visual Studio Solution File, Format Version 11.00
# Visual Studio 2010
Project("{FAE04EC0-301F-11D3-BF4B-00C04F79EFBC}") = "Assembly-CSharp", "Assembly-CSharp.csproj", "{77849322-BDA5-7C61-0785-6A0DA7C349A2}"
EndProject
Project("{FAE04EC0-301F-11D3-BF4B-00C04F79EFBC}") = "Assembly-CSharp-Editor", "Assembly-CSharp-Editor.csproj", "{9CB729BD-55D0-8426-BA07-E9B4294501A4}"
EndProject
Global
	GlobalSection(SolutionConfigurationPlatforms) = preSolution
		Debug|Any CPU = Debug|Any CPU
		Release|Any CPU = Release|Any CPU
	EndGlobalSection
	GlobalSection(ProjectConfigurationPlatforms) = postSolution
		{77849322-BDA5-7C61-0785-6A0DA7C349A2}.Debug|Any CPU.ActiveCfg = Debug|Any CPU
		{77849322-BDA5-7C61-0785-6A0DA7C349A2}.Debug|Any CPU.Build.0 = Debug|Any CPU
		{77849322-BDA5-7C61-0785-6A0DA7C349A2}.Release|Any CPU.ActiveCfg = Release|Any CPU
		{77849322-BDA5-7C61-0785-6A0DA7C349A2}.Release|Any CPU.Build.0 = Release|Any CPU
		{9CB729BD-55D0-8426-BA07-E9B4294501A4}.Debug|Any CPU.ActiveCfg = Debug|Any CPU
		{9CB729BD-55D0-8426-BA07-E9B4294501A4}.Debug|Any CPU.Build.0 = Debug|Any CPU
		{9CB729BD-55D0-8426-BA07-E9B4294501A4}.Release|Any CPU.ActiveCfg = Release|Any CPU
		{9CB729BD-55D0-8426-BA07-E9B4294501A4}.Release|Any CPU.Build.0 = Release|Any CPU
	EndGlobalSection
	GlobalSection(SolutionProperties) = preSolution
		HideSolutionNode = FALSE
	EndGlobalSection
EndGlobal
